<?xml version="1.0" encoding="utf-8"?>
<Project ToolsVersion="17.0" xmlns="http://schemas.microsoft.com/developer/msbuild/2003">
  <ItemGroup>
    <ClCompile Include="C:\Users\Asus\Desktop\sketch-effect\src\SketchEffect\CPU_SketchEffect.cpp">
      <Filter>Source Files</Filter>
    </ClCompile>
    <ClCompile Include="C:\Users\Asus\Desktop\sketch-effect\src\SketchEffect\GPU_SketchEffect.cpp">
      <Filter>Source Files</Filter>
    </ClCompile>
    <ClCompile Include="C:\Users\Asus\Desktop\sketch-effect\src\SketchEffect\SketchEffect.cpp">
      <Filter>Source Files</Filter>
    </ClCompile>
    <ClCompile Include="C:\Users\Asus\Desktop\sketch-effect\src\SketchEffect\ThreadPool.cpp">
      <Filter>Source Files</Filter>
    </ClCompile>
    <ClCompile Include="C:\Users\Asus\Desktop\sketch-effect\src\components\camera_input.cpp">
      <Filter>Source Files</Filter>
    </ClCompile>
    <ClCompile Include="C:\Users\Asus\Desktop\sketch-effect\src\components\scene_input.cpp">
      <Filter>Source Files</Filter>
    </ClCompile>
    <ClCompile Include="C:\Users\Asus\Desktop\sketch-effect\src\components\simple_scene.cpp">
      <Filter>Source Files</Filter>
    </ClCompile>
    <ClCompile Include="C:\Users\Asus\Desktop\sketch-effect\src\components\text_renderer.cpp">
      <Filter>Source Files</Filter>
    </ClCompile>
    <ClCompile Include="C:\Users\Asus\Desktop\sketch-effect\src\core\engine.cpp">
      <Filter>Source Files</Filter>
    </ClCompile>
    <ClCompile Include="C:\Users\Asus\Desktop\sketch-effect\src\core\gpu\frame_buffer.cpp">
      <Filter>Source Files</Filter>
    </ClCompile>
    <ClCompile Include="C:\Users\Asus\Desktop\sketch-effect\src\core\gpu\gpu_buffers.cpp">
      <Filter>Source Files</Filter>
    </ClCompile>
    <ClCompile Include="C:\Users\Asus\Desktop\sketch-effect\src\core\gpu\mesh.cpp">
      <Filter>Source Files</Filter>
    </ClCompile>
    <ClCompile Include="C:\Users\Asus\Desktop\sketch-effect\src\core\gpu\shader.cpp">
      <Filter>Source Files</Filter>
    </ClCompile>
    <ClCompile Include="C:\Users\Asus\Desktop\sketch-effect\src\core\gpu\texture2D.cpp">
      <Filter>Source Files</Filter>
    </ClCompile>
    <ClCompile Include="C:\Users\Asus\Desktop\sketch-effect\src\core\managers\texture_manager.cpp">
      <Filter>Source Files</Filter>
    </ClCompile>
    <ClCompile Include="C:\Users\Asus\Desktop\sketch-effect\src\core\window\input_controller.cpp">
      <Filter>Source Files</Filter>
    </ClCompile>
    <ClCompile Include="C:\Users\Asus\Desktop\sketch-effect\src\core\window\window_callbacks.cpp">
      <Filter>Source Files</Filter>
    </ClCompile>
    <ClCompile Include="C:\Users\Asus\Desktop\sketch-effect\src\core\window\window_object.cpp">
      <Filter>Source Files</Filter>
    </ClCompile>
    <ClCompile Include="C:\Users\Asus\Desktop\sketch-effect\src\core\world.cpp">
      <Filter>Source Files</Filter>
    </ClCompile>
    <ClCompile Include="C:\Users\Asus\Desktop\sketch-effect\src\main.cpp">
      <Filter>Source Files</Filter>
    </ClCompile>
    <ClCompile Include="C:\Users\Asus\Desktop\sketch-effect\src\utils\gl_utils.cpp">
      <Filter>Source Files</Filter>
    </ClCompile>
    <ClCompile Include="C:\Users\Asus\Desktop\sketch-effect\src\utils\text_utils.cpp">
      <Filter>Source Files</Filter>
    </ClCompile>
  </ItemGroup>
  <ItemGroup>
    <ClInclude Include="C:\Users\Asus\Desktop\sketch-effect\src\SketchEffect\CPU_SketchEffect.h">
      <Filter>Header Files</Filter>
    </ClInclude>
    <ClInclude Include="C:\Users\Asus\Desktop\sketch-effect\src\SketchEffect\GPU_SketchEffect.h">
      <Filter>Header Files</Filter>
    </ClInclude>
    <ClInclude Include="C:\Users\Asus\Desktop\sketch-effect\src\SketchEffect\SketchEffect.h">
      <Filter>Header Files</Filter>
    </ClInclude>
    <ClInclude Include="C:\Users\Asus\Desktop\sketch-effect\src\SketchEffect\ThreadPool.h">
      <Filter>Header Files</Filter>
    </ClInclude>
    <ClInclude Include="C:\Users\Asus\Desktop\sketch-effect\src\components\camera.h">
      <Filter>Header Files</Filter>
    </ClInclude>
    <ClInclude Include="C:\Users\Asus\Desktop\sketch-effect\src\components\camera_input.h">
      <Filter>Header Files</Filter>
    </ClInclude>
    <ClInclude Include="C:\Users\Asus\Desktop\sketch-effect\src\components\exports.h">
      <Filter>Header Files</Filter>
    </ClInclude>
    <ClInclude Include="C:\Users\Asus\Desktop\sketch-effect\src\components\scene_input.h">
      <Filter>Header Files</Filter>
    </ClInclude>
    <ClInclude Include="C:\Users\Asus\Desktop\sketch-effect\src\components\simple_scene.h">
      <Filter>Header Files</Filter>
    </ClInclude>
    <ClInclude Include="C:\Users\Asus\Desktop\sketch-effect\src\components\text_renderer.h">
      <Filter>Header Files</Filter>
    </ClInclude>
    <ClInclude Include="C:\Users\Asus\Desktop\sketch-effect\src\components\transform.h">
      <Filter>Header Files</Filter>
    </ClInclude>
    <ClInclude Include="C:\Users\Asus\Desktop\sketch-effect\src\core\engine.h">
      <Filter>Header Files</Filter>
    </ClInclude>
    <ClInclude Include="C:\Users\Asus\Desktop\sketch-effect\src\core\gpu\frame_buffer.h">
      <Filter>Header Files</Filter>
    </ClInclude>
    <ClInclude Include="C:\Users\Asus\Desktop\sketch-effect\src\core\gpu\gpu_buffers.h">
      <Filter>Header Files</Filter>
    </ClInclude>
    <ClInclude Include="C:\Users\Asus\Desktop\sketch-effect\src\core\gpu\mesh.h">
      <Filter>Header Files</Filter>
    </ClInclude>
    <ClInclude Include="C:\Users\Asus\Desktop\sketch-effect\src\core\gpu\particle_effect.h">
      <Filter>Header Files</Filter>
    </ClInclude>
    <ClInclude Include="C:\Users\Asus\Desktop\sketch-effect\src\core\gpu\shader.h">
      <Filter>Header Files</Filter>
    </ClInclude>
    <ClInclude Include="C:\Users\Asus\Desktop\sketch-effect\src\core\gpu\ssbo.h">
      <Filter>Header Files</Filter>
    </ClInclude>
    <ClInclude Include="C:\Users\Asus\Desktop\sketch-effect\src\core\gpu\texture2D.h">
      <Filter>Header Files</Filter>
    </ClInclude>
    <ClInclude Include="C:\Users\Asus\Desktop\sketch-effect\src\core\gpu\vertex_bone_data.h">
      <Filter>Header Files</Filter>
    </ClInclude>
    <ClInclude Include="C:\Users\Asus\Desktop\sketch-effect\src\core\gpu\vertex_format.h">
      <Filter>Header Files</Filter>
    </ClInclude>
    <ClInclude Include="C:\Users\Asus\Desktop\sketch-effect\src\core\managers\resource_path.h">
      <Filter>Header Files</Filter>
    </ClInclude>
    <ClInclude Include="C:\Users\Asus\Desktop\sketch-effect\src\core\managers\texture_manager.h">
      <Filter>Header Files</Filter>
    </ClInclude>
    <ClInclude Include="C:\Users\Asus\Desktop\sketch-effect\src\core\window\input_controller.h">
      <Filter>Header Files</Filter>
    </ClInclude>
    <ClInclude Include="C:\Users\Asus\Desktop\sketch-effect\src\core\window\window_callbacks.h">
      <Filter>Header Files</Filter>
    </ClInclude>
    <ClInclude Include="C:\Users\Asus\Desktop\sketch-effect\src\core\window\window_object.h">
      <Filter>Header Files</Filter>
    </ClInclude>
    <ClInclude Include="C:\Users\Asus\Desktop\sketch-effect\src\core\world.h">
      <Filter>Header Files</Filter>
    </ClInclude>
    <ClInclude Include="C:\Users\Asus\Desktop\sketch-effect\src\utils\gl_utils.h">
      <Filter>Header Files</Filter>
    </ClInclude>
    <ClInclude Include="C:\Users\Asus\Desktop\sketch-effect\src\utils\glm_utils.h">
      <Filter>Header Files</Filter>
    </ClInclude>
    <ClInclude Include="C:\Users\Asus\Desktop\sketch-effect\src\utils\math_utils.h">
      <Filter>Header Files</Filter>
    </ClInclude>
    <ClInclude Include="C:\Users\Asus\Desktop\sketch-effect\src\utils\memory_utils.h">
      <Filter>Header Files</Filter>
    </ClInclude>
    <ClInclude Include="C:\Users\Asus\Desktop\sketch-effect\src\utils\text_utils.h">
      <Filter>Header Files</Filter>
    </ClInclude>
    <ClInclude Include="C:\Users\Asus\Desktop\sketch-effect\src\utils\window_utils.h">
      <Filter>Header Files</Filter>
    </ClInclude>
  </ItemGroup>
  <ItemGroup>
    <CustomBuild Include="C:\Users\Asus\Desktop\sketch-effect\CMakeLists.txt" />
  </ItemGroup>
  <ItemGroup>
    <Filter Include="Header Files">
      <UniqueIdentifier>{E198963D-1929-3E30-8C84-D5916B287325}</UniqueIdentifier>
    </Filter>
    <Filter Include="Source Files">
      <UniqueIdentifier>{1133FCB7-5164-3E39-A311-334927BA47DF}</UniqueIdentifier>
    </Filter>
  </ItemGroup>
</Project>
